
Microsoft Visual Studio Solution File, Format Version 12.00
# Visual Studio 15
VisualStudioVersion = 15.0.27130.2027
MinimumVisualStudioVersion = 10.0.40219.1
Project("{9A19103F-16F7-4668-BE54-9A1E7A4F7556}") = "AppApi", "AppApi\AppApi.csproj", "{EF7C5186-F0C1-4BD0-90CA-FD8E31D1E458}"
EndProject
Project("{9A19103F-16F7-4668-BE54-9A1E7A4F7556}") = "Services", "..\Services\Services.csproj", "{A7B627D7-3FC2-479A-925D-6FF36D0E5813}"
EndProject
Project("{FAE04EC0-301F-11D3-BF4B-00C04F79EFBC}") = "BotApp1", "BotApp1\BotApp1.csproj", "{AE119E38-7892-4D12-A2F9-67CD68BD1333}"
EndProject
Project("{FAE04EC0-301F-11D3-BF4B-00C04F79EFBC}") = "Shared", "Shared\Shared.csproj", "{450B913E-B41B-44F6-88AB-74B1F89A220C}"
EndProject
Global
	GlobalSection(SolutionConfigurationPlatforms) = preSolution
		Debug|Any CPU = Debug|Any CPU
		Release|Any CPU = Release|Any CPU
	EndGlobalSection
	GlobalSection(ProjectConfigurationPlatforms) = postSolution
		{EF7C5186-F0C1-4BD0-90CA-FD8E31D1E458}.Debug|Any CPU.ActiveCfg = Debug|Any CPU
		{EF7C5186-F0C1-4BD0-90CA-FD8E31D1E458}.Debug|Any CPU.Build.0 = Debug|Any CPU
		{EF7C5186-F0C1-4BD0-90CA-FD8E31D1E458}.Release|Any CPU.ActiveCfg = Release|Any CPU
		{EF7C5186-F0C1-4BD0-90CA-FD8E31D1E458}.Release|Any CPU.Build.0 = Release|Any CPU
		{A7B627D7-3FC2-479A-925D-6FF36D0E5813}.Debug|Any CPU.ActiveCfg = Debug|Any CPU
		{A7B627D7-3FC2-479A-925D-6FF36D0E5813}.Debug|Any CPU.Build.0 = Debug|Any CPU
		{A7B627D7-3FC2-479A-925D-6FF36D0E5813}.Release|Any CPU.ActiveCfg = Release|Any CPU
		{A7B627D7-3FC2-479A-925D-6FF36D0E5813}.Release|Any CPU.Build.0 = Release|Any CPU
		{AE119E38-7892-4D12-A2F9-67CD68BD1333}.Debug|Any CPU.ActiveCfg = Debug|Any CPU
		{AE119E38-7892-4D12-A2F9-67CD68BD1333}.Debug|Any CPU.Build.0 = Debug|Any CPU
		{AE119E38-7892-4D12-A2F9-67CD68BD1333}.Release|Any CPU.ActiveCfg = Release|Any CPU
		{AE119E38-7892-4D12-A2F9-67CD68BD1333}.Release|Any CPU.Build.0 = Release|Any CPU
		{450B913E-B41B-44F6-88AB-74B1F89A220C}.Debug|Any CPU.ActiveCfg = Debug|Any CPU
		{450B913E-B41B-44F6-88AB-74B1F89A220C}.Debug|Any CPU.Build.0 = Debug|Any CPU
		{450B913E-B41B-44F6-88AB-74B1F89A220C}.Release|Any CPU.ActiveCfg = Release|Any CPU
		{450B913E-B41B-44F6-88AB-74B1F89A220C}.Release|Any CPU.Build.0 = Release|Any CPU
	EndGlobalSection
	GlobalSection(SolutionProperties) = preSolution
		HideSolutionNode = FALSE
	EndGlobalSection
	GlobalSection(ExtensibilityGlobals) = postSolution
		SolutionGuid = {23DF1193-601C-47A0-BD0A-03EDB723F047}
	EndGlobalSection
EndGlobal
